
Microsoft Visual Studio Solution File, Format Version 12.00
# Visual Studio Version 17
VisualStudioVersion = 17.11.35327.3
MinimumVisualStudioVersion = 10.0.40219.1
Project("{FAE04EC0-301F-11D3-BF4B-00C04F79EFBC}") = "DotClassBench", "DotClassBench.csproj", "{1CDE3F6D-DB0E-4AF4-AE99-8C5D31835E0A}"
EndProject
Global
	GlobalSection(SolutionConfigurationPlatforms) = preSolution
		Debug|Any CPU = Debug|Any CPU
		Release|Any CPU = Release|Any CPU
	EndGlobalSection
	GlobalSection(ProjectConfigurationPlatforms) = postSolution
		{1CDE3F6D-DB0E-4AF4-AE99-8C5D31835E0A}.Debug|Any CPU.ActiveCfg = Release|Any CPU
		{1CDE3F6D-DB0E-4AF4-AE99-8C5D31835E0A}.Debug|Any CPU.Build.0 = Release|Any CPU
		{1CDE3F6D-DB0E-4AF4-AE99-8C5D31835E0A}.Release|Any CPU.ActiveCfg = Release|Any CPU
		{1CDE3F6D-DB0E-4AF4-AE99-8C5D31835E0A}.Release|Any CPU.Build.0 = Release|Any CPU
	EndGlobalSection
	GlobalSection(SolutionProperties) = preSolution
		HideSolutionNode = FALSE
	EndGlobalSection
	GlobalSection(ExtensibilityGlobals) = postSolution
		SolutionGuid = {26FC26D7-CC76-48CD-935C-F1F61F8C383C}
	EndGlobalSection
EndGlobal
